// !$*UTF8*$!
{
	archiveVersion = 1;
	classes = {
	};
	objectVersion = 44;
	objects = {

/* Begin PBXAppleScriptBuildPhase section */
		257572C4072881A4000BE9CA /* AppleScript */ = {
			isa = PBXAppleScriptBuildPhase;
			buildActionMask = 2147483647;
			contextName = "";
			files = (
				257572C5072881A4000BE9CA /* Breakfast.applescript in AppleScript */,
				A60979F90F64ECC6008D05E9 /* addtoitunes.applescript in AppleScript */,
				A60979FA0F64ECC6008D05E9 /* addtoitunes_notag.applescript in AppleScript */,
				A60979FE0F64EDF9008D05E9 /* convert - video to iTunes (Breakfast).scpt in AppleScript */,
			);
			isSharedContext = 0;
			runOnlyForDeploymentPostprocessing = 0;
		};
/* End PBXAppleScriptBuildPhase section */

/* Begin PBXBuildFile section */
		257572C5072881A4000BE9CA /* Breakfast.applescript in AppleScript */ = {isa = PBXBuildFile; fileRef = DA206CF3015C4E8B03C91932 /* Breakfast.applescript */; settings = {ATTRIBUTES = (Debug, ); }; };
		257572C7072881A4000BE9CA /* MainMenu.nib in Resources */ = {isa = PBXBuildFile; fileRef = 29B97318FDCFA39411CA2CEA /* MainMenu.nib */; };
		257572C8072881A4000BE9CA /* InfoPlist.strings in Resources */ = {isa = PBXBuildFile; fileRef = 089C165CFE840E0CC02AAC07 /* InfoPlist.strings */; };
		257572CA072881A4000BE9CA /* main.m in Sources */ = {isa = PBXBuildFile; fileRef = 29B97316FDCFA39411CA2CEA /* main.m */; settings = {ATTRIBUTES = (); }; };
		257572CC072881A4000BE9CA /* Cocoa.framework in Frameworks */ = {isa = PBXBuildFile; fileRef = 1058C7A1FEA54F0111CA2CBB /* Cocoa.framework */; };
		257572CD072881A4000BE9CA /* AppleScriptKit.framework in Frameworks */ = {isa = PBXBuildFile; fileRef = DA206CF1015C4E2903C91932 /* AppleScriptKit.framework */; };
		27F017EA0F60AA2700328CB6 /* engine.sh in Resources */ = {isa = PBXBuildFile; fileRef = 27F017E70F60AA2600328CB6 /* engine.sh */; };
		27F017EB0F60AA2700328CB6 /* detail.sh in Resources */ = {isa = PBXBuildFile; fileRef = 27F017E80F60AA2600328CB6 /* detail.sh */; };
		27F017EC0F60AA2700328CB6 /* queue.txt in Resources */ = {isa = PBXBuildFile; fileRef = 27F017E90F60AA2700328CB6 /* queue.txt */; };
		A60979ED0F64EB32008D05E9 /* mp4art in Resources */ = {isa = PBXBuildFile; fileRef = A60979EA0F64EB32008D05E9 /* mp4art */; };
		A60979EE0F64EB32008D05E9 /* mp4tags in Resources */ = {isa = PBXBuildFile; fileRef = A60979EB0F64EB32008D05E9 /* mp4tags */; };
		A60979EF0F64EB32008D05E9 /* mp4track in Resources */ = {isa = PBXBuildFile; fileRef = A60979EC0F64EB32008D05E9 /* mp4track */; };
		A60979F10F64EB3C008D05E9 /* HandBrakeCLI in Resources */ = {isa = PBXBuildFile; fileRef = A60979F00F64EB3C008D05E9 /* HandBrakeCLI */; };
		A60979F90F64ECC6008D05E9 /* addtoitunes.applescript in AppleScript */ = {isa = PBXBuildFile; fileRef = A60979F70F64ECC6008D05E9 /* addtoitunes.applescript */; settings = {ATTRIBUTES = (Debug, ); }; };
		A60979FA0F64ECC6008D05E9 /* addtoitunes_notag.applescript in AppleScript */ = {isa = PBXBuildFile; fileRef = A60979F80F64ECC6008D05E9 /* addtoitunes_notag.applescript */; settings = {ATTRIBUTES = (Debug, ); }; };
		A60979FE0F64EDF9008D05E9 /* convert - video to iTunes (Breakfast).scpt in AppleScript */ = {isa = PBXBuildFile; fileRef = A60979FD0F64EDF9008D05E9 /* convert - video to iTunes (Breakfast).scpt */; settings = {ATTRIBUTES = (Debug, ); }; };
/* End PBXBuildFile section */

/* Begin PBXFileReference section */
		089C165DFE840E0CC02AAC07 /* English */ = {isa = PBXFileReference; fileEncoding = 10; lastKnownFileType = text.plist.strings; name = English; path = English.lproj/InfoPlist.strings; sourceTree = "<group>"; };
		1058C7A1FEA54F0111CA2CBB /* Cocoa.framework */ = {isa = PBXFileReference; lastKnownFileType = wrapper.framework; name = Cocoa.framework; path = /System/Library/Frameworks/Cocoa.framework; sourceTree = "<absolute>"; };
		257572D5072881A4000BE9CA /* Info.plist */ = {isa = PBXFileReference; lastKnownFileType = text.plist.xml; path = Info.plist; sourceTree = "<group>"; };
		257572D6072881A4000BE9CA /* Breakfast.app */ = {isa = PBXFileReference; explicitFileType = wrapper.application; includeInIndex = 0; path = Breakfast.app; sourceTree = BUILT_PRODUCTS_DIR; };
		27F017E70F60AA2600328CB6 /* engine.sh */ = {isa = PBXFileReference; fileEncoding = 4; lastKnownFileType = text.script.sh; path = engine.sh; sourceTree = "<group>"; };
		27F017E80F60AA2600328CB6 /* detail.sh */ = {isa = PBXFileReference; fileEncoding = 4; lastKnownFileType = text.script.sh; path = detail.sh; sourceTree = "<group>"; };
		27F017E90F60AA2700328CB6 /* queue.txt */ = {isa = PBXFileReference; fileEncoding = 4; lastKnownFileType = text; path = queue.txt; sourceTree = "<group>"; };
		29B97316FDCFA39411CA2CEA /* main.m */ = {isa = PBXFileReference; fileEncoding = 30; lastKnownFileType = sourcecode.c.objc; path = main.m; sourceTree = "<group>"; };
		29B97319FDCFA39411CA2CEA /* English */ = {isa = PBXFileReference; lastKnownFileType = wrapper.nib; name = English; path = English.lproj/MainMenu.nib; sourceTree = "<group>"; };
		29B97324FDCFA39411CA2CEA /* AppKit.framework */ = {isa = PBXFileReference; lastKnownFileType = wrapper.framework; name = AppKit.framework; path = /System/Library/Frameworks/AppKit.framework; sourceTree = "<absolute>"; };
		29B97325FDCFA39411CA2CEA /* Foundation.framework */ = {isa = PBXFileReference; lastKnownFileType = wrapper.framework; name = Foundation.framework; path = /System/Library/Frameworks/Foundation.framework; sourceTree = "<absolute>"; };
		65359356078DD41800E8BB2F /* AppleScriptKit.sdef */ = {isa = PBXFileReference; fileEncoding = 30; lastKnownFileType = text.sdef; name = AppleScriptKit.sdef; path = /System/Library/Frameworks/AppleScriptKit.framework/Versions/A/Resources/AppleScriptKit.sdef; sourceTree = "<absolute>"; };
		A60979EA0F64EB32008D05E9 /* mp4art */ = {isa = PBXFileReference; lastKnownFileType = "compiled.mach-o.executable"; name = mp4art; path = ../BIN/mp4art; sourceTree = SOURCE_ROOT; };
		A60979EB0F64EB32008D05E9 /* mp4tags */ = {isa = PBXFileReference; lastKnownFileType = "compiled.mach-o.executable"; name = mp4tags; path = ../BIN/mp4tags; sourceTree = SOURCE_ROOT; };
		A60979EC0F64EB32008D05E9 /* mp4track */ = {isa = PBXFileReference; lastKnownFileType = "compiled.mach-o.executable"; name = mp4track; path = ../BIN/mp4track; sourceTree = SOURCE_ROOT; };
		A60979F00F64EB3C008D05E9 /* HandBrakeCLI */ = {isa = PBXFileReference; lastKnownFileType = "compiled.mach-o.executable"; name = HandBrakeCLI; path = ../BIN/HandBrakeCLI; sourceTree = SOURCE_ROOT; };
		A60979F70F64ECC6008D05E9 /* addtoitunes.applescript */ = {isa = PBXFileReference; fileEncoding = 4; lastKnownFileType = sourcecode.applescript; name = addtoitunes.applescript; path = ../SCPT/addtoitunes.applescript; sourceTree = SOURCE_ROOT; };
		A60979F80F64ECC6008D05E9 /* addtoitunes_notag.applescript */ = {isa = PBXFileReference; fileEncoding = 4; lastKnownFileType = sourcecode.applescript; name = addtoitunes_notag.applescript; path = ../SCPT/addtoitunes_notag.applescript; sourceTree = SOURCE_ROOT; };
		A60979FD0F64EDF9008D05E9 /* convert - video to iTunes (Breakfast).scpt */ = {isa = PBXFileReference; fileEncoding = 4; lastKnownFileType = sourcecode.scpt; path = "convert - video to iTunes (Breakfast).scpt"; sourceTree = "<group>"; };
		DA206CF1015C4E2903C91932 /* AppleScriptKit.framework */ = {isa = PBXFileReference; lastKnownFileType = wrapper.framework; name = AppleScriptKit.framework; path = /System/Library/Frameworks/AppleScriptKit.framework; sourceTree = "<absolute>"; };
		DA206CF3015C4E8B03C91932 /* Breakfast.applescript */ = {isa = PBXFileReference; lastKnownFileType = sourcecode.applescript; path = Breakfast.applescript; sourceTree = "<group>"; };
/* End PBXFileReference section */

/* Begin PBXFrameworksBuildPhase section */
		257572CB072881A4000BE9CA /* Frameworks */ = {
			isa = PBXFrameworksBuildPhase;
			buildActionMask = 2147483647;
			files = (
				257572CC072881A4000BE9CA /* Cocoa.framework in Frameworks */,
				257572CD072881A4000BE9CA /* AppleScriptKit.framework in Frameworks */,
			);
			runOnlyForDeploymentPostprocessing = 0;
		};
/* End PBXFrameworksBuildPhase section */

/* Begin PBXGroup section */
		080E96DDFE201D6D7F000001 /* Scripts */ = {
			isa = PBXGroup;
			children = (
				DA206CF3015C4E8B03C91932 /* Breakfast.applescript */,
			);
			name = Scripts;
			sourceTree = "<group>";
		};
		1058C7A0FEA54F0111CA2CBB /* Linked Frameworks */ = {
			isa = PBXGroup;
			children = (
				1058C7A1FEA54F0111CA2CBB /* Cocoa.framework */,
				DA206CF1015C4E2903C91932 /* AppleScriptKit.framework */,
			);
			name = "Linked Frameworks";
			sourceTree = "<group>";
		};
		1058C7A2FEA54F0111CA2CBB /* Other Frameworks */ = {
			isa = PBXGroup;
			children = (
				29B97325FDCFA39411CA2CEA /* Foundation.framework */,
				29B97324FDCFA39411CA2CEA /* AppKit.framework */,
			);
			name = "Other Frameworks";
			sourceTree = "<group>";
		};
		19C28FACFE9D520D11CA2CBB /* Products */ = {
			isa = PBXGroup;
			children = (
				257572D6072881A4000BE9CA /* Breakfast.app */,
			);
			name = Products;
			sourceTree = "<group>";
		};
		29B97314FDCFA39411CA2CEA /* Breakfast */ = {
			isa = PBXGroup;
			children = (
				080E96DDFE201D6D7F000001 /* Scripts */,
				29B97317FDCFA39411CA2CEA /* Resources */,
				29B97315FDCFA39411CA2CEA /* Other Sources */,
				29B97323FDCFA39411CA2CEA /* Frameworks */,
				19C28FACFE9D520D11CA2CBB /* Products */,
				257572D5072881A4000BE9CA /* Info.plist */,
			);
			name = Breakfast;
			sourceTree = "<group>";
		};
		29B97315FDCFA39411CA2CEA /* Other Sources */ = {
			isa = PBXGroup;
			children = (
				29B97316FDCFA39411CA2CEA /* main.m */,
			);
			name = "Other Sources";
			sourceTree = "<group>";
		};
		29B97317FDCFA39411CA2CEA /* Resources */ = {
			isa = PBXGroup;
			children = (
				A60979FD0F64EDF9008D05E9 /* convert - video to iTunes (Breakfast).scpt */,
				A60979F70F64ECC6008D05E9 /* addtoitunes.applescript */,
				A60979F80F64ECC6008D05E9 /* addtoitunes_notag.applescript */,
				A60979F00F64EB3C008D05E9 /* HandBrakeCLI */,
				A60979EA0F64EB32008D05E9 /* mp4art */,
				A60979EB0F64EB32008D05E9 /* mp4tags */,
				A60979EC0F64EB32008D05E9 /* mp4track */,
				27F017E70F60AA2600328CB6 /* engine.sh */,
				27F017E80F60AA2600328CB6 /* detail.sh */,
				27F017E90F60AA2700328CB6 /* queue.txt */,
				29B97318FDCFA39411CA2CEA /* MainMenu.nib */,
				089C165CFE840E0CC02AAC07 /* InfoPlist.strings */,
				65359356078DD41800E8BB2F /* AppleScriptKit.sdef */,
			);
			name = Resources;
			sourceTree = "<group>";
		};
		29B97323FDCFA39411CA2CEA /* Frameworks */ = {
			isa = PBXGroup;
			children = (
				1058C7A0FEA54F0111CA2CBB /* Linked Frameworks */,
				1058C7A2FEA54F0111CA2CBB /* Other Frameworks */,
			);
			name = Frameworks;
			sourceTree = "<group>";
		};
/* End PBXGroup section */

/* Begin PBXHeadersBuildPhase section */
		257572C3072881A4000BE9CA /* Headers */ = {
			isa = PBXHeadersBuildPhase;
			buildActionMask = 2147483647;
			files = (
			);
			runOnlyForDeploymentPostprocessing = 0;
		};
/* End PBXHeadersBuildPhase section */

/* Begin PBXNativeTarget section */
		257572C2072881A4000BE9CA /* Breakfast */ = {
			isa = PBXNativeTarget;
			buildConfigurationList = 4E71A80508A2C90C0034BBD9 /* Build configuration list for PBXNativeTarget "Breakfast" */;
			buildPhases = (
				257572C3072881A4000BE9CA /* Headers */,
				257572C4072881A4000BE9CA /* AppleScript */,
				257572C6072881A4000BE9CA /* Resources */,
				257572C9072881A4000BE9CA /* Sources */,
				257572CB072881A4000BE9CA /* Frameworks */,
			);
			buildRules = (
			);
			dependencies = (
			);
			name = Breakfast;
			productInstallPath = "$(HOME)/Applications";
			productName = Breakfast;
			productReference = 257572D6072881A4000BE9CA /* Breakfast.app */;
			productType = "com.apple.product-type.application";
		};
/* End PBXNativeTarget section */

/* Begin PBXProject section */
		29B97313FDCFA39411CA2CEA /* Project object */ = {
			isa = PBXProject;
			buildConfigurationList = 4E71A80908A2C90C0034BBD9 /* Build configuration list for PBXProject "Breakfast" */;
			compatibilityVersion = "Xcode 3.0";
			hasScannedForEncodings = 1;
			mainGroup = 29B97314FDCFA39411CA2CEA /* Breakfast */;
			projectDirPath = "";
			projectRoot = "";
			targets = (
				257572C2072881A4000BE9CA /* Breakfast */,
			);
		};
/* End PBXProject section */

/* Begin PBXResourcesBuildPhase section */
		257572C6072881A4000BE9CA /* Resources */ = {
			isa = PBXResourcesBuildPhase;
			buildActionMask = 2147483647;
			files = (
				257572C7072881A4000BE9CA /* MainMenu.nib in Resources */,
				257572C8072881A4000BE9CA /* InfoPlist.strings in Resources */,
				27F017EA0F60AA2700328CB6 /* engine.sh in Resources */,
				27F017EB0F60AA2700328CB6 /* detail.sh in Resources */,
				27F017EC0F60AA2700328CB6 /* queue.txt in Resources */,
				A60979ED0F64EB32008D05E9 /* mp4art in Resources */,
				A60979EE0F64EB32008D05E9 /* mp4tags in Resources */,
				A60979EF0F64EB32008D05E9 /* mp4track in Resources */,
				A60979F10F64EB3C008D05E9 /* HandBrakeCLI in Resources */,
			);
			runOnlyForDeploymentPostprocessing = 0;
		};
/* End PBXResourcesBuildPhase section */

/* Begin PBXSourcesBuildPhase section */
		257572C9072881A4000BE9CA /* Sources */ = {
			isa = PBXSourcesBuildPhase;
			buildActionMask = 2147483647;
			files = (
				257572CA072881A4000BE9CA /* main.m in Sources */,
			);
			runOnlyForDeploymentPostprocessing = 0;
		};
/* End PBXSourcesBuildPhase section */

/* Begin PBXVariantGroup section */
		089C165CFE840E0CC02AAC07 /* InfoPlist.strings */ = {
			isa = PBXVariantGroup;
			children = (
				089C165DFE840E0CC02AAC07 /* English */,
			);
			name = InfoPlist.strings;
			sourceTree = "<group>";
		};
		29B97318FDCFA39411CA2CEA /* MainMenu.nib */ = {
			isa = PBXVariantGroup;
			children = (
				29B97319FDCFA39411CA2CEA /* English */,
			);
			name = MainMenu.nib;
			sourceTree = "<group>";
		};
/* End PBXVariantGroup section */

/* Begin XCBuildConfiguration section */
		4E71A80608A2C90C0034BBD9 /* Debug */ = {
			isa = XCBuildConfiguration;
			buildSettings = {
				COPY_PHASE_STRIP = NO;
				GCC_DYNAMIC_NO_PIC = NO;
				GCC_ENABLE_FIX_AND_CONTINUE = YES;
				GCC_MODEL_TUNING = G5;
				GCC_OPTIMIZATION_LEVEL = 0;
				INFOPLIST_FILE = Info.plist;
				INSTALL_PATH = "$(HOME)/Applications";
				PRODUCT_NAME = Breakfast;
				WRAPPER_EXTENSION = app;
				ZERO_LINK = YES;
			};
			name = Debug;
		};
		4E71A80708A2C90C0034BBD9 /* Release */ = {
			isa = XCBuildConfiguration;
			buildSettings = {
				DEBUG_INFORMATION_FORMAT = "dwarf-with-dsym";
				GCC_MODEL_TUNING = G5;
				INFOPLIST_FILE = Info.plist;
				INSTALL_PATH = "$(HOME)/Applications";
				OTHER_OSAFLAGS = "-x";
				PRODUCT_NAME = Breakfast;
				WRAPPER_EXTENSION = app;
			};
			name = Release;
		};
		4E71A80A08A2C90C0034BBD9 /* Debug */ = {
			isa = XCBuildConfiguration;
			buildSettings = {
				GCC_WARN_ABOUT_RETURN_TYPE = YES;
				GCC_WARN_UNUSED_VARIABLE = YES;
				PREBINDING = NO;
				SDKROOT = "$(DEVELOPER_SDK_DIR)/MacOSX10.5.sdk";
			};
			name = Debug;
		};
		4E71A80B08A2C90C0034BBD9 /* Release */ = {
			isa = XCBuildConfiguration;
			buildSettings = {
				ARCHS = (
					ppc,
					i386,
				);
				GCC_WARN_ABOUT_RETURN_TYPE = YES;
				GCC_WARN_UNUSED_VARIABLE = YES;
				PREBINDING = NO;
				SDKROOT = "$(DEVELOPER_SDK_DIR)/MacOSX10.5.sdk";
			};
			name = Release;
		};
/* End XCBuildConfiguration section */

/* Begin XCConfigurationList section */
		4E71A80508A2C90C0034BBD9 /* Build configuration list for PBXNativeTarget "Breakfast" */ = {
			isa = XCConfigurationList;
			buildConfigurations = (
				4E71A80608A2C90C0034BBD9 /* Debug */,
				4E71A80708A2C90C0034BBD9 /* Release */,
			);
			defaultConfigurationIsVisible = 0;
			defaultConfigurationName = Release;
		};
		4E71A80908A2C90C0034BBD9 /* Build configuration list for PBXProject "Breakfast" */ = {
			isa = XCConfigurationList;
			buildConfigurations = (
				4E71A80A08A2C90C0034BBD9 /* Debug */,
				4E71A80B08A2C90C0034BBD9 /* Release */,
			);
			defaultConfigurationIsVisible = 0;
			defaultConfigurationName = Release;
		};
/* End XCConfigurationList section */
	};
	rootObject = 29B97313FDCFA39411CA2CEA /* Project object */;
}
